
Microsoft Visual Studio Solution File, Format Version 12.00
# Visual Studio Version 16
VisualStudioVersion = 16.0.29920.165
MinimumVisualStudioVersion = 10.0.40219.1
Project("{FAE04EC0-301F-11D3-BF4B-00C04F79EFBC}") = "CustomString", "CustomString\CustomString.csproj", "{47B8EE26-6058-4A1A-8F68-72CE7C7AC982}"
EndProject
Project("{FAE04EC0-301F-11D3-BF4B-00C04F79EFBC}") = "UnitTests", "UnitTests\UnitTests.csproj", "{1FB70D8D-981E-4CA7-8DF0-5D4D08D20F5B}"
EndProject
Global
	GlobalSection(SolutionConfigurationPlatforms) = preSolution
		Debug|Any CPU = Debug|Any CPU
		Release|Any CPU = Release|Any CPU
	EndGlobalSection
	GlobalSection(ProjectConfigurationPlatforms) = postSolution
		{47B8EE26-6058-4A1A-8F68-72CE7C7AC982}.Debug|Any CPU.ActiveCfg = Debug|Any CPU
		{47B8EE26-6058-4A1A-8F68-72CE7C7AC982}.Debug|Any CPU.Build.0 = Debug|Any CPU
		{47B8EE26-6058-4A1A-8F68-72CE7C7AC982}.Release|Any CPU.ActiveCfg = Release|Any CPU
		{47B8EE26-6058-4A1A-8F68-72CE7C7AC982}.Release|Any CPU.Build.0 = Release|Any CPU
		{1FB70D8D-981E-4CA7-8DF0-5D4D08D20F5B}.Debug|Any CPU.ActiveCfg = Debug|Any CPU
		{1FB70D8D-981E-4CA7-8DF0-5D4D08D20F5B}.Debug|Any CPU.Build.0 = Debug|Any CPU
		{1FB70D8D-981E-4CA7-8DF0-5D4D08D20F5B}.Release|Any CPU.ActiveCfg = Release|Any CPU
		{1FB70D8D-981E-4CA7-8DF0-5D4D08D20F5B}.Release|Any CPU.Build.0 = Release|Any CPU
	EndGlobalSection
	GlobalSection(SolutionProperties) = preSolution
		HideSolutionNode = FALSE
	EndGlobalSection
	GlobalSection(ExtensibilityGlobals) = postSolution
		SolutionGuid = {50D31697-A1CC-4DC4-B758-91063FCB82C0}
	EndGlobalSection
EndGlobal
